
Microsoft Visual Studio Solution File, Format Version 12.00
# Visual Studio Version 16
VisualStudioVersion = 16.0.29001.49
MinimumVisualStudioVersion = 10.0.40219.1
Project("{FAE04EC0-301F-11D3-BF4B-00C04F79EFBC}") = "HackerRankPractice", "HackerRankPractice\HackerRankPractice.csproj", "{0158E03B-36F9-4EAD-B904-FCCA48312978}"
EndProject
Global
	GlobalSection(SolutionConfigurationPlatforms) = preSolution
		Debug|Any CPU = Debug|Any CPU
		Release|Any CPU = Release|Any CPU
	EndGlobalSection
	GlobalSection(ProjectConfigurationPlatforms) = postSolution
		{0158E03B-36F9-4EAD-B904-FCCA48312978}.Debug|Any CPU.ActiveCfg = Debug|Any CPU
		{0158E03B-36F9-4EAD-B904-FCCA48312978}.Debug|Any CPU.Build.0 = Debug|Any CPU
		{0158E03B-36F9-4EAD-B904-FCCA48312978}.Release|Any CPU.ActiveCfg = Release|Any CPU
		{0158E03B-36F9-4EAD-B904-FCCA48312978}.Release|Any CPU.Build.0 = Release|Any CPU
	EndGlobalSection
	GlobalSection(SolutionProperties) = preSolution
		HideSolutionNode = FALSE
	EndGlobalSection
	GlobalSection(ExtensibilityGlobals) = postSolution
		SolutionGuid = {65C2D4DD-463E-4B4B-9BB9-866EFA6C2019}
	EndGlobalSection
EndGlobal
